
Microsoft Visual Studio Solution File, Format Version 12.00
# Visual Studio Version 17
VisualStudioVersion = 17.7.34202.233
MinimumVisualStudioVersion = 10.0.40219.1
Project("{9A19103F-16F7-4668-BE54-9A1E7A4F7556}") = "Tharga.Fortnox", "Tharga.Fortnox\Tharga.Fortnox.csproj", "{B4DAB198-E509-4F8D-AE9A-46DF1B479DA3}"
EndProject
Project("{2150E333-8FDC-42A3-9474-1A3956D46DE8}") = "Solution Items", "Solution Items", "{A21816EC-5C8F-4508-9546-39626DC8B8F4}"
	ProjectSection(SolutionItems) = preProject
		azure-pipelines.yml = azure-pipelines.yml
		README.md = README.md
	EndProjectSection
EndProject
Global
	GlobalSection(SolutionConfigurationPlatforms) = preSolution
		Debug|Any CPU = Debug|Any CPU
		Release|Any CPU = Release|Any CPU
	EndGlobalSection
	GlobalSection(ProjectConfigurationPlatforms) = postSolution
		{B4DAB198-E509-4F8D-AE9A-46DF1B479DA3}.Debug|Any CPU.ActiveCfg = Debug|Any CPU
		{B4DAB198-E509-4F8D-AE9A-46DF1B479DA3}.Debug|Any CPU.Build.0 = Debug|Any CPU
		{B4DAB198-E509-4F8D-AE9A-46DF1B479DA3}.Release|Any CPU.ActiveCfg = Release|Any CPU
		{B4DAB198-E509-4F8D-AE9A-46DF1B479DA3}.Release|Any CPU.Build.0 = Release|Any CPU
	EndGlobalSection
	GlobalSection(SolutionProperties) = preSolution
		HideSolutionNode = FALSE
	EndGlobalSection
	GlobalSection(ExtensibilityGlobals) = postSolution
		SolutionGuid = {136995FA-4AE5-47DD-8072-6D50DA71EC33}
	EndGlobalSection
EndGlobal
